
Microsoft Visual Studio Solution File, Format Version 12.00
# Visual Studio Version 17
VisualStudioVersion = 17.0.32126.317
MinimumVisualStudioVersion = 10.0.40219.1
Project("{9A19103F-16F7-4668-BE54-9A1E7A4F7556}") = "WMSAPP.Server", "Server\WMSAPP.Server.csproj", "{F63A5375-CC30-485B-B95E-96FC6382099E}"
EndProject
Project("{9A19103F-16F7-4668-BE54-9A1E7A4F7556}") = "WMSAPP.Client", "Client\WMSAPP.Client.csproj", "{EE098CE3-9C88-41F0-BDED-28A30C88055E}"
EndProject
Project("{9A19103F-16F7-4668-BE54-9A1E7A4F7556}") = "WMSAPP.Shared", "Shared\WMSAPP.Shared.csproj", "{CCE86313-DF90-4639-865C-652B108FFACA}"
EndProject
Global
	GlobalSection(SolutionConfigurationPlatforms) = preSolution
		Debug|Any CPU = Debug|Any CPU
		Release|Any CPU = Release|Any CPU
	EndGlobalSection
	GlobalSection(ProjectConfigurationPlatforms) = postSolution
		{F63A5375-CC30-485B-B95E-96FC6382099E}.Debug|Any CPU.ActiveCfg = Debug|Any CPU
		{F63A5375-CC30-485B-B95E-96FC6382099E}.Debug|Any CPU.Build.0 = Debug|Any CPU
		{F63A5375-CC30-485B-B95E-96FC6382099E}.Release|Any CPU.ActiveCfg = Release|Any CPU
		{F63A5375-CC30-485B-B95E-96FC6382099E}.Release|Any CPU.Build.0 = Release|Any CPU
		{EE098CE3-9C88-41F0-BDED-28A30C88055E}.Debug|Any CPU.ActiveCfg = Debug|Any CPU
		{EE098CE3-9C88-41F0-BDED-28A30C88055E}.Debug|Any CPU.Build.0 = Debug|Any CPU
		{EE098CE3-9C88-41F0-BDED-28A30C88055E}.Release|Any CPU.ActiveCfg = Release|Any CPU
		{EE098CE3-9C88-41F0-BDED-28A30C88055E}.Release|Any CPU.Build.0 = Release|Any CPU
		{CCE86313-DF90-4639-865C-652B108FFACA}.Debug|Any CPU.ActiveCfg = Debug|Any CPU
		{CCE86313-DF90-4639-865C-652B108FFACA}.Debug|Any CPU.Build.0 = Debug|Any CPU
		{CCE86313-DF90-4639-865C-652B108FFACA}.Release|Any CPU.ActiveCfg = Release|Any CPU
		{CCE86313-DF90-4639-865C-652B108FFACA}.Release|Any CPU.Build.0 = Release|Any CPU
	EndGlobalSection
	GlobalSection(SolutionProperties) = preSolution
		HideSolutionNode = FALSE
	EndGlobalSection
	GlobalSection(ExtensibilityGlobals) = postSolution
		SolutionGuid = {2CA57A39-D73E-4F5C-8B30-D925B0D0FB8F}
	EndGlobalSection
EndGlobal
